
Microsoft Visual Studio Solution File, Format Version 12.00
# Visual Studio Version 17
VisualStudioVersion = 17.8.34322.80
MinimumVisualStudioVersion = 10.0.40219.1
Project("{FAE04EC0-301F-11D3-BF4B-00C04F79EFBC}") = "ConsoleApp2", "ConsoleApp2.csproj", "{E00AF12C-7A31-40B8-B251-C9FF67700C9E}"
EndProject
Global
	GlobalSection(SolutionConfigurationPlatforms) = preSolution
		Debug|Any CPU = Debug|Any CPU
		Release|Any CPU = Release|Any CPU
	EndGlobalSection
	GlobalSection(ProjectConfigurationPlatforms) = postSolution
		{E00AF12C-7A31-40B8-B251-C9FF67700C9E}.Debug|Any CPU.ActiveCfg = Debug|Any CPU
		{E00AF12C-7A31-40B8-B251-C9FF67700C9E}.Debug|Any CPU.Build.0 = Debug|Any CPU
		{E00AF12C-7A31-40B8-B251-C9FF67700C9E}.Release|Any CPU.ActiveCfg = Release|Any CPU
		{E00AF12C-7A31-40B8-B251-C9FF67700C9E}.Release|Any CPU.Build.0 = Release|Any CPU
	EndGlobalSection
	GlobalSection(SolutionProperties) = preSolution
		HideSolutionNode = FALSE
	EndGlobalSection
	GlobalSection(ExtensibilityGlobals) = postSolution
		SolutionGuid = {2C97C471-F965-49E3-8080-95BD4BF0139B}
	EndGlobalSection
EndGlobal
